
Microsoft Visual Studio Solution File, Format Version 12.00
# Visual Studio Version 17
VisualStudioVersion = 17.8.34330.188
MinimumVisualStudioVersion = 10.0.40219.1
Project("{FAE04EC0-301F-11D3-BF4B-00C04F79EFBC}") = "ProducerAPI", "ProducerAPI\ProducerAPI.csproj", "{A9E9223C-D31F-4FE3-9009-AC1E4EBE30C9}"
EndProject
Project("{FAE04EC0-301F-11D3-BF4B-00C04F79EFBC}") = "Application", "Application\Application.csproj", "{DA730D99-5BD1-4114-88FF-59461F1C014B}"
EndProject
Project("{FAE04EC0-301F-11D3-BF4B-00C04F79EFBC}") = "ConsumerAPI", "ConsumerAPI\ConsumerAPI.csproj", "{F4D20EF9-37DF-450C-8467-C19EA73D8321}"
EndProject
Global
	GlobalSection(SolutionConfigurationPlatforms) = preSolution
		Debug|Any CPU = Debug|Any CPU
		Release|Any CPU = Release|Any CPU
	EndGlobalSection
	GlobalSection(ProjectConfigurationPlatforms) = postSolution
		{A9E9223C-D31F-4FE3-9009-AC1E4EBE30C9}.Debug|Any CPU.ActiveCfg = Debug|Any CPU
		{A9E9223C-D31F-4FE3-9009-AC1E4EBE30C9}.Debug|Any CPU.Build.0 = Debug|Any CPU
		{A9E9223C-D31F-4FE3-9009-AC1E4EBE30C9}.Release|Any CPU.ActiveCfg = Release|Any CPU
		{A9E9223C-D31F-4FE3-9009-AC1E4EBE30C9}.Release|Any CPU.Build.0 = Release|Any CPU
		{DA730D99-5BD1-4114-88FF-59461F1C014B}.Debug|Any CPU.ActiveCfg = Debug|Any CPU
		{DA730D99-5BD1-4114-88FF-59461F1C014B}.Debug|Any CPU.Build.0 = Debug|Any CPU
		{DA730D99-5BD1-4114-88FF-59461F1C014B}.Release|Any CPU.ActiveCfg = Release|Any CPU
		{DA730D99-5BD1-4114-88FF-59461F1C014B}.Release|Any CPU.Build.0 = Release|Any CPU
		{F4D20EF9-37DF-450C-8467-C19EA73D8321}.Debug|Any CPU.ActiveCfg = Debug|Any CPU
		{F4D20EF9-37DF-450C-8467-C19EA73D8321}.Debug|Any CPU.Build.0 = Debug|Any CPU
		{F4D20EF9-37DF-450C-8467-C19EA73D8321}.Release|Any CPU.ActiveCfg = Release|Any CPU
		{F4D20EF9-37DF-450C-8467-C19EA73D8321}.Release|Any CPU.Build.0 = Release|Any CPU
	EndGlobalSection
	GlobalSection(SolutionProperties) = preSolution
		HideSolutionNode = FALSE
	EndGlobalSection
	GlobalSection(ExtensibilityGlobals) = postSolution
		SolutionGuid = {8FFB765F-B403-4220-95C0-AFED5F278DE7}
	EndGlobalSection
EndGlobal
